
Microsoft Visual Studio Solution File, Format Version 12.00
# Visual Studio 15
VisualStudioVersion = 15.0.27703.2042
MinimumVisualStudioVersion = 10.0.40219.1
Project("{FAE04EC0-301F-11D3-BF4B-00C04F79EFBC}") = "ListView_WebApiSample.Android", "ListView_WebApiSample\ListView_WebApiSample.Android\ListView_WebApiSample.Android.csproj", "{6167D444-3C2B-4CE9-80EE-7FC7AE1CFDEE}"
EndProject
Project("{FAE04EC0-301F-11D3-BF4B-00C04F79EFBC}") = "ListView_WebApiSample.iOS", "ListView_WebApiSample\ListView_WebApiSample.iOS\ListView_WebApiSample.iOS.csproj", "{C7209D7F-0094-4904-AD12-BD3B50A2974A}"
EndProject
Project("{FAE04EC0-301F-11D3-BF4B-00C04F79EFBC}") = "ListView_WebApiSample.UWP", "ListView_WebApiSample\ListView_WebApiSample.UWP\ListView_WebApiSample.UWP.csproj", "{0C12CC4F-613C-40F6-8094-19C28E45C327}"
EndProject
Project("{FAE04EC0-301F-11D3-BF4B-00C04F79EFBC}") = "ListView_WebApiSample", "ListView_WebApiSample\ListView_WebApiSample\ListView_WebApiSample.csproj", "{A67C6D4D-D8F0-46E8-8A16-6E5B20867FE4}"
EndProject
Global
	GlobalSection(SolutionConfigurationPlatforms) = preSolution
		Ad-Hoc|Any CPU = Ad-Hoc|Any CPU
		Ad-Hoc|ARM = Ad-Hoc|ARM
		Ad-Hoc|iPhone = Ad-Hoc|iPhone
		Ad-Hoc|iPhoneSimulator = Ad-Hoc|iPhoneSimulator
		Ad-Hoc|x64 = Ad-Hoc|x64
		Ad-Hoc|x86 = Ad-Hoc|x86
		AppStore|Any CPU = AppStore|Any CPU
		AppStore|ARM = AppStore|ARM
		AppStore|iPhone = AppStore|iPhone
		AppStore|iPhoneSimulator = AppStore|iPhoneSimulator
		AppStore|x64 = AppStore|x64
		AppStore|x86 = AppStore|x86
		Debug|Any CPU = Debug|Any CPU
		Debug|ARM = Debug|ARM
		Debug|iPhone = Debug|iPhone
		Debug|iPhoneSimulator = Debug|iPhoneSimulator
		Debug|x64 = Debug|x64
		Debug|x86 = Debug|x86
		Release|Any CPU = Release|Any CPU
		Release|ARM = Release|ARM
		Release|iPhone = Release|iPhone
		Release|iPhoneSimulator = Release|iPhoneSimulator
		Release|x64 = Release|x64
		Release|x86 = Release|x86
	EndGlobalSection
	GlobalSection(ProjectConfigurationPlatforms) = postSolution
		{6167D444-3C2B-4CE9-80EE-7FC7AE1CFDEE}.Ad-Hoc|Any CPU.ActiveCfg = Release|Any CPU
		{6167D444-3C2B-4CE9-80EE-7FC7AE1CFDEE}.Ad-Hoc|Any CPU.Build.0 = Release|Any CPU
		{6167D444-3C2B-4CE9-80EE-7FC7AE1CFDEE}.Ad-Hoc|Any CPU.Deploy.0 = Release|Any CPU
		{6167D444-3C2B-4CE9-80EE-7FC7AE1CFDEE}.Ad-Hoc|ARM.ActiveCfg = Release|Any CPU
		{6167D444-3C2B-4CE9-80EE-7FC7AE1CFDEE}.Ad-Hoc|ARM.Build.0 = Release|Any CPU
		{6167D444-3C2B-4CE9-80EE-7FC7AE1CFDEE}.Ad-Hoc|ARM.Deploy.0 = Release|Any CPU
		{6167D444-3C2B-4CE9-80EE-7FC7AE1CFDEE}.Ad-Hoc|iPhone.ActiveCfg = Release|Any CPU
		{6167D444-3C2B-4CE9-80EE-7FC7AE1CFDEE}.Ad-Hoc|iPhone.Build.0 = Release|Any CPU
		{6167D444-3C2B-4CE9-80EE-7FC7AE1CFDEE}.Ad-Hoc|iPhone.Deploy.0 = Release|Any CPU
		{6167D444-3C2B-4CE9-80EE-7FC7AE1CFDEE}.Ad-Hoc|iPhoneSimulator.ActiveCfg = Release|Any CPU
		{6167D444-3C2B-4CE9-80EE-7FC7AE1CFDEE}.Ad-Hoc|iPhoneSimulator.Build.0 = Release|Any CPU
		{6167D444-3C2B-4CE9-80EE-7FC7AE1CFDEE}.Ad-Hoc|iPhoneSimulator.Deploy.0 = Release|Any CPU
		{6167D444-3C2B-4CE9-80EE-7FC7AE1CFDEE}.Ad-Hoc|x64.ActiveCfg = Release|Any CPU
		{6167D444-3C2B-4CE9-80EE-7FC7AE1CFDEE}.Ad-Hoc|x64.Build.0 = Release|Any CPU
		{6167D444-3C2B-4CE9-80EE-7FC7AE1CFDEE}.Ad-Hoc|x64.Deploy.0 = Release|Any CPU
		{6167D444-3C2B-4CE9-80EE-7FC7AE1CFDEE}.Ad-Hoc|x86.ActiveCfg = Release|Any CPU
		{6167D444-3C2B-4CE9-80EE-7FC7AE1CFDEE}.Ad-Hoc|x86.Build.0 = Release|Any CPU
		{6167D444-3C2B-4CE9-80EE-7FC7AE1CFDEE}.Ad-Hoc|x86.Deploy.0 = Release|Any CPU
		{6167D444-3C2B-4CE9-80EE-7FC7AE1CFDEE}.AppStore|Any CPU.ActiveCfg = Release|Any CPU
		{6167D444-3C2B-4CE9-80EE-7FC7AE1CFDEE}.AppStore|Any CPU.Build.0 = Release|Any CPU
		{6167D444-3C2B-4CE9-80EE-7FC7AE1CFDEE}.AppStore|Any CPU.Deploy.0 = Release|Any CPU
		{6167D444-3C2B-4CE9-80EE-7FC7AE1CFDEE}.AppStore|ARM.ActiveCfg = Release|Any CPU
		{6167D444-3C2B-4CE9-80EE-7FC7AE1CFDEE}.AppStore|ARM.Build.0 = Release|Any CPU
		{6167D444-3C2B-4CE9-80EE-7FC7AE1CFDEE}.AppStore|ARM.Deploy.0 = Release|Any CPU
		{6167D444-3C2B-4CE9-80EE-7FC7AE1CFDEE}.AppStore|iPhone.ActiveCfg = Release|Any CPU
		{6167D444-3C2B-4CE9-80EE-7FC7AE1CFDEE}.AppStore|iPhone.Build.0 = Release|Any CPU
		{6167D444-3C2B-4CE9-80EE-7FC7AE1CFDEE}.AppStore|iPhone.Deploy.0 = Release|Any CPU
		{6167D444-3C2B-4CE9-80EE-7FC7AE1CFDEE}.AppStore|iPhoneSimulator.ActiveCfg = Release|Any CPU
		{6167D444-3C2B-4CE9-80EE-7FC7AE1CFDEE}.AppStore|iPhoneSimulator.Build.0 = Release|Any CPU
		{6167D444-3C2B-4CE9-80EE-7FC7AE1CFDEE}.AppStore|iPhoneSimulator.Deploy.0 = Release|Any CPU
		{6167D444-3C2B-4CE9-80EE-7FC7AE1CFDEE}.AppStore|x64.ActiveCfg = Release|Any CPU
		{6167D444-3C2B-4CE9-80EE-7FC7AE1CFDEE}.AppStore|x64.Build.0 = Release|Any CPU
		{6167D444-3C2B-4CE9-80EE-7FC7AE1CFDEE}.AppStore|x64.Deploy.0 = Release|Any CPU
		{6167D444-3C2B-4CE9-80EE-7FC7AE1CFDEE}.AppStore|x86.ActiveCfg = Release|Any CPU
		{6167D444-3C2B-4CE9-80EE-7FC7AE1CFDEE}.AppStore|x86.Build.0 = Release|Any CPU
		{6167D444-3C2B-4CE9-80EE-7FC7AE1CFDEE}.AppStore|x86.Deploy.0 = Release|Any CPU
		{6167D444-3C2B-4CE9-80EE-7FC7AE1CFDEE}.Debug|Any CPU.ActiveCfg = Debug|Any CPU
		{6167D444-3C2B-4CE9-80EE-7FC7AE1CFDEE}.Debug|Any CPU.Build.0 = Debug|Any CPU
		{6167D444-3C2B-4CE9-80EE-7FC7AE1CFDEE}.Debug|Any CPU.Deploy.0 = Debug|Any CPU
		{6167D444-3C2B-4CE9-80EE-7FC7AE1CFDEE}.Debug|ARM.ActiveCfg = Debug|Any CPU
		{6167D444-3C2B-4CE9-80EE-7FC7AE1CFDEE}.Debug|ARM.Build.0 = Debug|Any CPU
		{6167D444-3C2B-4CE9-80EE-7FC7AE1CFDEE}.Debug|ARM.Deploy.0 = Debug|Any CPU
		{6167D444-3C2B-4CE9-80EE-7FC7AE1CFDEE}.Debug|iPhone.ActiveCfg = Debug|Any CPU
		{6167D444-3C2B-4CE9-80EE-7FC7AE1CFDEE}.Debug|iPhone.Build.0 = Debug|Any CPU
		{6167D444-3C2B-4CE9-80EE-7FC7AE1CFDEE}.Debug|iPhone.Deploy.0 = Debug|Any CPU
		{6167D444-3C2B-4CE9-80EE-7FC7AE1CFDEE}.Debug|iPhoneSimulator.ActiveCfg = Debug|Any CPU
		{6167D444-3C2B-4CE9-80EE-7FC7AE1CFDEE}.Debug|iPhoneSimulator.Build.0 = Debug|Any CPU
		{6167D444-3C2B-4CE9-80EE-7FC7AE1CFDEE}.Debug|iPhoneSimulator.Deploy.0 = Debug|Any CPU
		{6167D444-3C2B-4CE9-80EE-7FC7AE1CFDEE}.Debug|x64.ActiveCfg = Debug|Any CPU
		{6167D444-3C2B-4CE9-80EE-7FC7AE1CFDEE}.Debug|x64.Build.0 = Debug|Any CPU
		{6167D444-3C2B-4CE9-80EE-7FC7AE1CFDEE}.Debug|x64.Deploy.0 = Debug|Any CPU
		{6167D444-3C2B-4CE9-80EE-7FC7AE1CFDEE}.Debug|x86.ActiveCfg = Debug|Any CPU
		{6167D444-3C2B-4CE9-80EE-7FC7AE1CFDEE}.Debug|x86.Build.0 = Debug|Any CPU
		{6167D444-3C2B-4CE9-80EE-7FC7AE1CFDEE}.Debug|x86.Deploy.0 = Debug|Any CPU
		{6167D444-3C2B-4CE9-80EE-7FC7AE1CFDEE}.Release|Any CPU.ActiveCfg = Release|Any CPU
		{6167D444-3C2B-4CE9-80EE-7FC7AE1CFDEE}.Release|Any CPU.Build.0 = Release|Any CPU
		{6167D444-3C2B-4CE9-80EE-7FC7AE1CFDEE}.Release|Any CPU.Deploy.0 = Release|Any CPU
		{6167D444-3C2B-4CE9-80EE-7FC7AE1CFDEE}.Release|ARM.ActiveCfg = Release|Any CPU
		{6167D444-3C2B-4CE9-80EE-7FC7AE1CFDEE}.Release|ARM.Build.0 = Release|Any CPU
		{6167D444-3C2B-4CE9-80EE-7FC7AE1CFDEE}.Release|ARM.Deploy.0 = Release|Any CPU
		{6167D444-3C2B-4CE9-80EE-7FC7AE1CFDEE}.Release|iPhone.ActiveCfg = Release|Any CPU
		{6167D444-3C2B-4CE9-80EE-7FC7AE1CFDEE}.Release|iPhone.Build.0 = Release|Any CPU
		{6167D444-3C2B-4CE9-80EE-7FC7AE1CFDEE}.Release|iPhone.Deploy.0 = Release|Any CPU
		{6167D444-3C2B-4CE9-80EE-7FC7AE1CFDEE}.Release|iPhoneSimulator.ActiveCfg = Release|Any CPU
		{6167D444-3C2B-4CE9-80EE-7FC7AE1CFDEE}.Release|iPhoneSimulator.Build.0 = Release|Any CPU
		{6167D444-3C2B-4CE9-80EE-7FC7AE1CFDEE}.Release|iPhoneSimulator.Deploy.0 = Release|Any CPU
		{6167D444-3C2B-4CE9-80EE-7FC7AE1CFDEE}.Release|x64.ActiveCfg = Release|Any CPU
		{6167D444-3C2B-4CE9-80EE-7FC7AE1CFDEE}.Release|x64.Build.0 = Release|Any CPU
		{6167D444-3C2B-4CE9-80EE-7FC7AE1CFDEE}.Release|x64.Deploy.0 = Release|Any CPU
		{6167D444-3C2B-4CE9-80EE-7FC7AE1CFDEE}.Release|x86.ActiveCfg = Release|Any CPU
		{6167D444-3C2B-4CE9-80EE-7FC7AE1CFDEE}.Release|x86.Build.0 = Release|Any CPU
		{6167D444-3C2B-4CE9-80EE-7FC7AE1CFDEE}.Release|x86.Deploy.0 = Release|Any CPU
		{C7209D7F-0094-4904-AD12-BD3B50A2974A}.Ad-Hoc|Any CPU.ActiveCfg = Ad-Hoc|iPhone
		{C7209D7F-0094-4904-AD12-BD3B50A2974A}.Ad-Hoc|Any CPU.Build.0 = Ad-Hoc|iPhone
		{C7209D7F-0094-4904-AD12-BD3B50A2974A}.Ad-Hoc|Any CPU.Deploy.0 = Ad-Hoc|iPhone
		{C7209D7F-0094-4904-AD12-BD3B50A2974A}.Ad-Hoc|ARM.ActiveCfg = Ad-Hoc|iPhone
		{C7209D7F-0094-4904-AD12-BD3B50A2974A}.Ad-Hoc|ARM.Build.0 = Ad-Hoc|iPhone
		{C7209D7F-0094-4904-AD12-BD3B50A2974A}.Ad-Hoc|ARM.Deploy.0 = Ad-Hoc|iPhone
		{C7209D7F-0094-4904-AD12-BD3B50A2974A}.Ad-Hoc|iPhone.ActiveCfg = Ad-Hoc|iPhone
		{C7209D7F-0094-4904-AD12-BD3B50A2974A}.Ad-Hoc|iPhone.Build.0 = Ad-Hoc|iPhone
		{C7209D7F-0094-4904-AD12-BD3B50A2974A}.Ad-Hoc|iPhone.Deploy.0 = Ad-Hoc|iPhone
		{C7209D7F-0094-4904-AD12-BD3B50A2974A}.Ad-Hoc|iPhoneSimulator.ActiveCfg = Ad-Hoc|iPhoneSimulator
		{C7209D7F-0094-4904-AD12-BD3B50A2974A}.Ad-Hoc|iPhoneSimulator.Build.0 = Ad-Hoc|iPhoneSimulator
		{C7209D7F-0094-4904-AD12-BD3B50A2974A}.Ad-Hoc|iPhoneSimulator.Deploy.0 = Ad-Hoc|iPhoneSimulator
		{C7209D7F-0094-4904-AD12-BD3B50A2974A}.Ad-Hoc|x64.ActiveCfg = Ad-Hoc|iPhone
		{C7209D7F-0094-4904-AD12-BD3B50A2974A}.Ad-Hoc|x64.Build.0 = Ad-Hoc|iPhone
		{C7209D7F-0094-4904-AD12-BD3B50A2974A}.Ad-Hoc|x64.Deploy.0 = Ad-Hoc|iPhone
		{C7209D7F-0094-4904-AD12-BD3B50A2974A}.Ad-Hoc|x86.ActiveCfg = Ad-Hoc|iPhone
		{C7209D7F-0094-4904-AD12-BD3B50A2974A}.Ad-Hoc|x86.Build.0 = Ad-Hoc|iPhone
		{C7209D7F-0094-4904-AD12-BD3B50A2974A}.Ad-Hoc|x86.Deploy.0 = Ad-Hoc|iPhone
		{C7209D7F-0094-4904-AD12-BD3B50A2974A}.AppStore|Any CPU.ActiveCfg = AppStore|iPhone
		{C7209D7F-0094-4904-AD12-BD3B50A2974A}.AppStore|Any CPU.Build.0 = AppStore|iPhone
		{C7209D7F-0094-4904-AD12-BD3B50A2974A}.AppStore|Any CPU.Deploy.0 = AppStore|iPhone
		{C7209D7F-0094-4904-AD12-BD3B50A2974A}.AppStore|ARM.ActiveCfg = AppStore|iPhone
		{C7209D7F-0094-4904-AD12-BD3B50A2974A}.AppStore|ARM.Build.0 = AppStore|iPhone
		{C7209D7F-0094-4904-AD12-BD3B50A2974A}.AppStore|ARM.Deploy.0 = AppStore|iPhone
		{C7209D7F-0094-4904-AD12-BD3B50A2974A}.AppStore|iPhone.ActiveCfg = AppStore|iPhone
		{C7209D7F-0094-4904-AD12-BD3B50A2974A}.AppStore|iPhone.Build.0 = AppStore|iPhone
		{C7209D7F-0094-4904-AD12-BD3B50A2974A}.AppStore|iPhone.Deploy.0 = AppStore|iPhone
		{C7209D7F-0094-4904-AD12-BD3B50A2974A}.AppStore|iPhoneSimulator.ActiveCfg = AppStore|iPhoneSimulator
		{C7209D7F-0094-4904-AD12-BD3B50A2974A}.AppStore|iPhoneSimulator.Build.0 = AppStore|iPhoneSimulator
		{C7209D7F-0094-4904-AD12-BD3B50A2974A}.AppStore|iPhoneSimulator.Deploy.0 = AppStore|iPhoneSimulator
		{C7209D7F-0094-4904-AD12-BD3B50A2974A}.AppStore|x64.ActiveCfg = AppStore|iPhone
		{C7209D7F-0094-4904-AD12-BD3B50A2974A}.AppStore|x64.Build.0 = AppStore|iPhone
		{C7209D7F-0094-4904-AD12-BD3B50A2974A}.AppStore|x64.Deploy.0 = AppStore|iPhone
		{C7209D7F-0094-4904-AD12-BD3B50A2974A}.AppStore|x86.ActiveCfg = AppStore|iPhone
		{C7209D7F-0094-4904-AD12-BD3B50A2974A}.AppStore|x86.Build.0 = AppStore|iPhone
		{C7209D7F-0094-4904-AD12-BD3B50A2974A}.AppStore|x86.Deploy.0 = AppStore|iPhone
		{C7209D7F-0094-4904-AD12-BD3B50A2974A}.Debug|Any CPU.ActiveCfg = Debug|iPhoneSimulator
		{C7209D7F-0094-4904-AD12-BD3B50A2974A}.Debug|Any CPU.Build.0 = Debug|iPhoneSimulator
		{C7209D7F-0094-4904-AD12-BD3B50A2974A}.Debug|Any CPU.Deploy.0 = Debug|iPhoneSimulator
		{C7209D7F-0094-4904-AD12-BD3B50A2974A}.Debug|ARM.ActiveCfg = Debug|iPhone
		{C7209D7F-0094-4904-AD12-BD3B50A2974A}.Debug|ARM.Build.0 = Debug|iPhone
		{C7209D7F-0094-4904-AD12-BD3B50A2974A}.Debug|ARM.Deploy.0 = Debug|iPhone
		{C7209D7F-0094-4904-AD12-BD3B50A2974A}.Debug|iPhone.ActiveCfg = Debug|iPhone
		{C7209D7F-0094-4904-AD12-BD3B50A2974A}.Debug|iPhone.Build.0 = Debug|iPhone
		{C7209D7F-0094-4904-AD12-BD3B50A2974A}.Debug|iPhone.Deploy.0 = Debug|iPhone
		{C7209D7F-0094-4904-AD12-BD3B50A2974A}.Debug|iPhoneSimulator.ActiveCfg = Debug|iPhoneSimulator
		{C7209D7F-0094-4904-AD12-BD3B50A2974A}.Debug|iPhoneSimulator.Build.0 = Debug|iPhoneSimulator
		{C7209D7F-0094-4904-AD12-BD3B50A2974A}.Debug|iPhoneSimulator.Deploy.0 = Debug|iPhoneSimulator
		{C7209D7F-0094-4904-AD12-BD3B50A2974A}.Debug|x64.ActiveCfg = Debug|iPhone
		{C7209D7F-0094-4904-AD12-BD3B50A2974A}.Debug|x64.Build.0 = Debug|iPhone
		{C7209D7F-0094-4904-AD12-BD3B50A2974A}.Debug|x64.Deploy.0 = Debug|iPhone
		{C7209D7F-0094-4904-AD12-BD3B50A2974A}.Debug|x86.ActiveCfg = Debug|iPhone
		{C7209D7F-0094-4904-AD12-BD3B50A2974A}.Debug|x86.Build.0 = Debug|iPhone
		{C7209D7F-0094-4904-AD12-BD3B50A2974A}.Debug|x86.Deploy.0 = Debug|iPhone
		{C7209D7F-0094-4904-AD12-BD3B50A2974A}.Release|Any CPU.ActiveCfg = Release|iPhone
		{C7209D7F-0094-4904-AD12-BD3B50A2974A}.Release|Any CPU.Build.0 = Release|iPhone
		{C7209D7F-0094-4904-AD12-BD3B50A2974A}.Release|Any CPU.Deploy.0 = Release|iPhone
		{C7209D7F-0094-4904-AD12-BD3B50A2974A}.Release|ARM.ActiveCfg = Release|iPhone
		{C7209D7F-0094-4904-AD12-BD3B50A2974A}.Release|ARM.Build.0 = Release|iPhone
		{C7209D7F-0094-4904-AD12-BD3B50A2974A}.Release|ARM.Deploy.0 = Release|iPhone
		{C7209D7F-0094-4904-AD12-BD3B50A2974A}.Release|iPhone.ActiveCfg = Release|iPhone
		{C7209D7F-0094-4904-AD12-BD3B50A2974A}.Release|iPhone.Build.0 = Release|iPhone
		{C7209D7F-0094-4904-AD12-BD3B50A2974A}.Release|iPhone.Deploy.0 = Release|iPhone
		{C7209D7F-0094-4904-AD12-BD3B50A2974A}.Release|iPhoneSimulator.ActiveCfg = Release|iPhoneSimulator
		{C7209D7F-0094-4904-AD12-BD3B50A2974A}.Release|iPhoneSimulator.Build.0 = Release|iPhoneSimulator
		{C7209D7F-0094-4904-AD12-BD3B50A2974A}.Release|iPhoneSimulator.Deploy.0 = Release|iPhoneSimulator
		{C7209D7F-0094-4904-AD12-BD3B50A2974A}.Release|x64.ActiveCfg = Release|iPhone
		{C7209D7F-0094-4904-AD12-BD3B50A2974A}.Release|x64.Build.0 = Release|iPhone
		{C7209D7F-0094-4904-AD12-BD3B50A2974A}.Release|x64.Deploy.0 = Release|iPhone
		{C7209D7F-0094-4904-AD12-BD3B50A2974A}.Release|x86.ActiveCfg = Release|iPhone
		{C7209D7F-0094-4904-AD12-BD3B50A2974A}.Release|x86.Build.0 = Release|iPhone
		{C7209D7F-0094-4904-AD12-BD3B50A2974A}.Release|x86.Deploy.0 = Release|iPhone
		{0C12CC4F-613C-40F6-8094-19C28E45C327}.Ad-Hoc|Any CPU.ActiveCfg = Release|x86
		{0C12CC4F-613C-40F6-8094-19C28E45C327}.Ad-Hoc|Any CPU.Build.0 = Release|x86
		{0C12CC4F-613C-40F6-8094-19C28E45C327}.Ad-Hoc|Any CPU.Deploy.0 = Release|x86
		{0C12CC4F-613C-40F6-8094-19C28E45C327}.Ad-Hoc|ARM.ActiveCfg = Release|ARM
		{0C12CC4F-613C-40F6-8094-19C28E45C327}.Ad-Hoc|ARM.Build.0 = Release|ARM
		{0C12CC4F-613C-40F6-8094-19C28E45C327}.Ad-Hoc|ARM.Deploy.0 = Release|ARM
		{0C12CC4F-613C-40F6-8094-19C28E45C327}.Ad-Hoc|iPhone.ActiveCfg = Release|x86
		{0C12CC4F-613C-40F6-8094-19C28E45C327}.Ad-Hoc|iPhone.Build.0 = Release|x86
		{0C12CC4F-613C-40F6-8094-19C28E45C327}.Ad-Hoc|iPhone.Deploy.0 = Release|x86
		{0C12CC4F-613C-40F6-8094-19C28E45C327}.Ad-Hoc|iPhoneSimulator.ActiveCfg = Release|x86
		{0C12CC4F-613C-40F6-8094-19C28E45C327}.Ad-Hoc|iPhoneSimulator.Build.0 = Release|x86
		{0C12CC4F-613C-40F6-8094-19C28E45C327}.Ad-Hoc|iPhoneSimulator.Deploy.0 = Release|x86
		{0C12CC4F-613C-40F6-8094-19C28E45C327}.Ad-Hoc|x64.ActiveCfg = Release|x64
		{0C12CC4F-613C-40F6-8094-19C28E45C327}.Ad-Hoc|x64.Build.0 = Release|x64
		{0C12CC4F-613C-40F6-8094-19C28E45C327}.Ad-Hoc|x64.Deploy.0 = Release|x64
		{0C12CC4F-613C-40F6-8094-19C28E45C327}.Ad-Hoc|x86.ActiveCfg = Release|x86
		{0C12CC4F-613C-40F6-8094-19C28E45C327}.Ad-Hoc|x86.Build.0 = Release|x86
		{0C12CC4F-613C-40F6-8094-19C28E45C327}.Ad-Hoc|x86.Deploy.0 = Release|x86
		{0C12CC4F-613C-40F6-8094-19C28E45C327}.AppStore|Any CPU.ActiveCfg = Release|x86
		{0C12CC4F-613C-40F6-8094-19C28E45C327}.AppStore|Any CPU.Build.0 = Release|x86
		{0C12CC4F-613C-40F6-8094-19C28E45C327}.AppStore|Any CPU.Deploy.0 = Release|x86
		{0C12CC4F-613C-40F6-8094-19C28E45C327}.AppStore|ARM.ActiveCfg = Release|ARM
		{0C12CC4F-613C-40F6-8094-19C28E45C327}.AppStore|ARM.Build.0 = Release|ARM
		{0C12CC4F-613C-40F6-8094-19C28E45C327}.AppStore|ARM.Deploy.0 = Release|ARM
		{0C12CC4F-613C-40F6-8094-19C28E45C327}.AppStore|iPhone.ActiveCfg = Release|x86
		{0C12CC4F-613C-40F6-8094-19C28E45C327}.AppStore|iPhone.Build.0 = Release|x86
		{0C12CC4F-613C-40F6-8094-19C28E45C327}.AppStore|iPhone.Deploy.0 = Release|x86
		{0C12CC4F-613C-40F6-8094-19C28E45C327}.AppStore|iPhoneSimulator.ActiveCfg = Release|x86
		{0C12CC4F-613C-40F6-8094-19C28E45C327}.AppStore|iPhoneSimulator.Build.0 = Release|x86
		{0C12CC4F-613C-40F6-8094-19C28E45C327}.AppStore|iPhoneSimulator.Deploy.0 = Release|x86
		{0C12CC4F-613C-40F6-8094-19C28E45C327}.AppStore|x64.ActiveCfg = Release|x64
		{0C12CC4F-613C-40F6-8094-19C28E45C327}.AppStore|x64.Build.0 = Release|x64
		{0C12CC4F-613C-40F6-8094-19C28E45C327}.AppStore|x64.Deploy.0 = Release|x64
		{0C12CC4F-613C-40F6-8094-19C28E45C327}.AppStore|x86.ActiveCfg = Release|x86
		{0C12CC4F-613C-40F6-8094-19C28E45C327}.AppStore|x86.Build.0 = Release|x86
		{0C12CC4F-613C-40F6-8094-19C28E45C327}.AppStore|x86.Deploy.0 = Release|x86
		{0C12CC4F-613C-40F6-8094-19C28E45C327}.Debug|Any CPU.ActiveCfg = Debug|x86
		{0C12CC4F-613C-40F6-8094-19C28E45C327}.Debug|Any CPU.Build.0 = Debug|x86
		{0C12CC4F-613C-40F6-8094-19C28E45C327}.Debug|Any CPU.Deploy.0 = Debug|x86
		{0C12CC4F-613C-40F6-8094-19C28E45C327}.Debug|ARM.ActiveCfg = Debug|ARM
		{0C12CC4F-613C-40F6-8094-19C28E45C327}.Debug|ARM.Build.0 = Debug|ARM
		{0C12CC4F-613C-40F6-8094-19C28E45C327}.Debug|ARM.Deploy.0 = Debug|ARM
		{0C12CC4F-613C-40F6-8094-19C28E45C327}.Debug|iPhone.ActiveCfg = Debug|x86
		{0C12CC4F-613C-40F6-8094-19C28E45C327}.Debug|iPhone.Build.0 = Debug|x86
		{0C12CC4F-613C-40F6-8094-19C28E45C327}.Debug|iPhone.Deploy.0 = Debug|x86
		{0C12CC4F-613C-40F6-8094-19C28E45C327}.Debug|iPhoneSimulator.ActiveCfg = Debug|x86
		{0C12CC4F-613C-40F6-8094-19C28E45C327}.Debug|iPhoneSimulator.Build.0 = Debug|x86
		{0C12CC4F-613C-40F6-8094-19C28E45C327}.Debug|iPhoneSimulator.Deploy.0 = Debug|x86
		{0C12CC4F-613C-40F6-8094-19C28E45C327}.Debug|x64.ActiveCfg = Debug|x64
		{0C12CC4F-613C-40F6-8094-19C28E45C327}.Debug|x64.Build.0 = Debug|x64
		{0C12CC4F-613C-40F6-8094-19C28E45C327}.Debug|x64.Deploy.0 = Debug|x64
		{0C12CC4F-613C-40F6-8094-19C28E45C327}.Debug|x86.ActiveCfg = Debug|x86
		{0C12CC4F-613C-40F6-8094-19C28E45C327}.Debug|x86.Build.0 = Debug|x86
		{0C12CC4F-613C-40F6-8094-19C28E45C327}.Debug|x86.Deploy.0 = Debug|x86
		{0C12CC4F-613C-40F6-8094-19C28E45C327}.Release|Any CPU.ActiveCfg = Release|x86
		{0C12CC4F-613C-40F6-8094-19C28E45C327}.Release|Any CPU.Build.0 = Release|x86
		{0C12CC4F-613C-40F6-8094-19C28E45C327}.Release|Any CPU.Deploy.0 = Release|x86
		{0C12CC4F-613C-40F6-8094-19C28E45C327}.Release|ARM.ActiveCfg = Release|ARM
		{0C12CC4F-613C-40F6-8094-19C28E45C327}.Release|ARM.Build.0 = Release|ARM
		{0C12CC4F-613C-40F6-8094-19C28E45C327}.Release|ARM.Deploy.0 = Release|ARM
		{0C12CC4F-613C-40F6-8094-19C28E45C327}.Release|iPhone.ActiveCfg = Release|x86
		{0C12CC4F-613C-40F6-8094-19C28E45C327}.Release|iPhone.Build.0 = Release|x86
		{0C12CC4F-613C-40F6-8094-19C28E45C327}.Release|iPhone.Deploy.0 = Release|x86
		{0C12CC4F-613C-40F6-8094-19C28E45C327}.Release|iPhoneSimulator.ActiveCfg = Release|x86
		{0C12CC4F-613C-40F6-8094-19C28E45C327}.Release|iPhoneSimulator.Build.0 = Release|x86
		{0C12CC4F-613C-40F6-8094-19C28E45C327}.Release|iPhoneSimulator.Deploy.0 = Release|x86
		{0C12CC4F-613C-40F6-8094-19C28E45C327}.Release|x64.ActiveCfg = Release|x64
		{0C12CC4F-613C-40F6-8094-19C28E45C327}.Release|x64.Build.0 = Release|x64
		{0C12CC4F-613C-40F6-8094-19C28E45C327}.Release|x64.Deploy.0 = Release|x64
		{0C12CC4F-613C-40F6-8094-19C28E45C327}.Release|x86.ActiveCfg = Release|x86
		{0C12CC4F-613C-40F6-8094-19C28E45C327}.Release|x86.Build.0 = Release|x86
		{0C12CC4F-613C-40F6-8094-19C28E45C327}.Release|x86.Deploy.0 = Release|x86
		{A67C6D4D-D8F0-46E8-8A16-6E5B20867FE4}.Ad-Hoc|Any CPU.ActiveCfg = Debug|Any CPU
		{A67C6D4D-D8F0-46E8-8A16-6E5B20867FE4}.Ad-Hoc|Any CPU.Build.0 = Debug|Any CPU
		{A67C6D4D-D8F0-46E8-8A16-6E5B20867FE4}.Ad-Hoc|Any CPU.Deploy.0 = Debug|Any CPU
		{A67C6D4D-D8F0-46E8-8A16-6E5B20867FE4}.Ad-Hoc|ARM.ActiveCfg = Debug|Any CPU
		{A67C6D4D-D8F0-46E8-8A16-6E5B20867FE4}.Ad-Hoc|ARM.Build.0 = Debug|Any CPU
		{A67C6D4D-D8F0-46E8-8A16-6E5B20867FE4}.Ad-Hoc|ARM.Deploy.0 = Debug|Any CPU
		{A67C6D4D-D8F0-46E8-8A16-6E5B20867FE4}.Ad-Hoc|iPhone.ActiveCfg = Debug|Any CPU
		{A67C6D4D-D8F0-46E8-8A16-6E5B20867FE4}.Ad-Hoc|iPhone.Build.0 = Debug|Any CPU
		{A67C6D4D-D8F0-46E8-8A16-6E5B20867FE4}.Ad-Hoc|iPhone.Deploy.0 = Debug|Any CPU
		{A67C6D4D-D8F0-46E8-8A16-6E5B20867FE4}.Ad-Hoc|iPhoneSimulator.ActiveCfg = Debug|Any CPU
		{A67C6D4D-D8F0-46E8-8A16-6E5B20867FE4}.Ad-Hoc|iPhoneSimulator.Build.0 = Debug|Any CPU
		{A67C6D4D-D8F0-46E8-8A16-6E5B20867FE4}.Ad-Hoc|iPhoneSimulator.Deploy.0 = Debug|Any CPU
		{A67C6D4D-D8F0-46E8-8A16-6E5B20867FE4}.Ad-Hoc|x64.ActiveCfg = Debug|Any CPU
		{A67C6D4D-D8F0-46E8-8A16-6E5B20867FE4}.Ad-Hoc|x64.Build.0 = Debug|Any CPU
		{A67C6D4D-D8F0-46E8-8A16-6E5B20867FE4}.Ad-Hoc|x64.Deploy.0 = Debug|Any CPU
		{A67C6D4D-D8F0-46E8-8A16-6E5B20867FE4}.Ad-Hoc|x86.ActiveCfg = Debug|Any CPU
		{A67C6D4D-D8F0-46E8-8A16-6E5B20867FE4}.Ad-Hoc|x86.Build.0 = Debug|Any CPU
		{A67C6D4D-D8F0-46E8-8A16-6E5B20867FE4}.Ad-Hoc|x86.Deploy.0 = Debug|Any CPU
		{A67C6D4D-D8F0-46E8-8A16-6E5B20867FE4}.AppStore|Any CPU.ActiveCfg = Debug|Any CPU
		{A67C6D4D-D8F0-46E8-8A16-6E5B20867FE4}.AppStore|Any CPU.Build.0 = Debug|Any CPU
		{A67C6D4D-D8F0-46E8-8A16-6E5B20867FE4}.AppStore|Any CPU.Deploy.0 = Debug|Any CPU
		{A67C6D4D-D8F0-46E8-8A16-6E5B20867FE4}.AppStore|ARM.ActiveCfg = Debug|Any CPU
		{A67C6D4D-D8F0-46E8-8A16-6E5B20867FE4}.AppStore|ARM.Build.0 = Debug|Any CPU
		{A67C6D4D-D8F0-46E8-8A16-6E5B20867FE4}.AppStore|ARM.Deploy.0 = Debug|Any CPU
		{A67C6D4D-D8F0-46E8-8A16-6E5B20867FE4}.AppStore|iPhone.ActiveCfg = Debug|Any CPU
		{A67C6D4D-D8F0-46E8-8A16-6E5B20867FE4}.AppStore|iPhone.Build.0 = Debug|Any CPU
		{A67C6D4D-D8F0-46E8-8A16-6E5B20867FE4}.AppStore|iPhone.Deploy.0 = Debug|Any CPU
		{A67C6D4D-D8F0-46E8-8A16-6E5B20867FE4}.AppStore|iPhoneSimulator.ActiveCfg = Debug|Any CPU
		{A67C6D4D-D8F0-46E8-8A16-6E5B20867FE4}.AppStore|iPhoneSimulator.Build.0 = Debug|Any CPU
		{A67C6D4D-D8F0-46E8-8A16-6E5B20867FE4}.AppStore|iPhoneSimulator.Deploy.0 = Debug|Any CPU
		{A67C6D4D-D8F0-46E8-8A16-6E5B20867FE4}.AppStore|x64.ActiveCfg = Debug|Any CPU
		{A67C6D4D-D8F0-46E8-8A16-6E5B20867FE4}.AppStore|x64.Build.0 = Debug|Any CPU
		{A67C6D4D-D8F0-46E8-8A16-6E5B20867FE4}.AppStore|x64.Deploy.0 = Debug|Any CPU
		{A67C6D4D-D8F0-46E8-8A16-6E5B20867FE4}.AppStore|x86.ActiveCfg = Debug|Any CPU
		{A67C6D4D-D8F0-46E8-8A16-6E5B20867FE4}.AppStore|x86.Build.0 = Debug|Any CPU
		{A67C6D4D-D8F0-46E8-8A16-6E5B20867FE4}.AppStore|x86.Deploy.0 = Debug|Any CPU
		{A67C6D4D-D8F0-46E8-8A16-6E5B20867FE4}.Debug|Any CPU.ActiveCfg = Debug|Any CPU
		{A67C6D4D-D8F0-46E8-8A16-6E5B20867FE4}.Debug|Any CPU.Build.0 = Debug|Any CPU
		{A67C6D4D-D8F0-46E8-8A16-6E5B20867FE4}.Debug|Any CPU.Deploy.0 = Debug|Any CPU
		{A67C6D4D-D8F0-46E8-8A16-6E5B20867FE4}.Debug|ARM.ActiveCfg = Debug|Any CPU
		{A67C6D4D-D8F0-46E8-8A16-6E5B20867FE4}.Debug|ARM.Build.0 = Debug|Any CPU
		{A67C6D4D-D8F0-46E8-8A16-6E5B20867FE4}.Debug|ARM.Deploy.0 = Debug|Any CPU
		{A67C6D4D-D8F0-46E8-8A16-6E5B20867FE4}.Debug|iPhone.ActiveCfg = Debug|Any CPU
		{A67C6D4D-D8F0-46E8-8A16-6E5B20867FE4}.Debug|iPhone.Build.0 = Debug|Any CPU
		{A67C6D4D-D8F0-46E8-8A16-6E5B20867FE4}.Debug|iPhone.Deploy.0 = Debug|Any CPU
		{A67C6D4D-D8F0-46E8-8A16-6E5B20867FE4}.Debug|iPhoneSimulator.ActiveCfg = Debug|Any CPU
		{A67C6D4D-D8F0-46E8-8A16-6E5B20867FE4}.Debug|iPhoneSimulator.Build.0 = Debug|Any CPU
		{A67C6D4D-D8F0-46E8-8A16-6E5B20867FE4}.Debug|iPhoneSimulator.Deploy.0 = Debug|Any CPU
		{A67C6D4D-D8F0-46E8-8A16-6E5B20867FE4}.Debug|x64.ActiveCfg = Debug|Any CPU
		{A67C6D4D-D8F0-46E8-8A16-6E5B20867FE4}.Debug|x64.Build.0 = Debug|Any CPU
		{A67C6D4D-D8F0-46E8-8A16-6E5B20867FE4}.Debug|x64.Deploy.0 = Debug|Any CPU
		{A67C6D4D-D8F0-46E8-8A16-6E5B20867FE4}.Debug|x86.ActiveCfg = Debug|Any CPU
		{A67C6D4D-D8F0-46E8-8A16-6E5B20867FE4}.Debug|x86.Build.0 = Debug|Any CPU
		{A67C6D4D-D8F0-46E8-8A16-6E5B20867FE4}.Debug|x86.Deploy.0 = Debug|Any CPU
		{A67C6D4D-D8F0-46E8-8A16-6E5B20867FE4}.Release|Any CPU.ActiveCfg = Release|Any CPU
		{A67C6D4D-D8F0-46E8-8A16-6E5B20867FE4}.Release|Any CPU.Build.0 = Release|Any CPU
		{A67C6D4D-D8F0-46E8-8A16-6E5B20867FE4}.Release|Any CPU.Deploy.0 = Release|Any CPU
		{A67C6D4D-D8F0-46E8-8A16-6E5B20867FE4}.Release|ARM.ActiveCfg = Release|Any CPU
		{A67C6D4D-D8F0-46E8-8A16-6E5B20867FE4}.Release|ARM.Build.0 = Release|Any CPU
		{A67C6D4D-D8F0-46E8-8A16-6E5B20867FE4}.Release|ARM.Deploy.0 = Release|Any CPU
		{A67C6D4D-D8F0-46E8-8A16-6E5B20867FE4}.Release|iPhone.ActiveCfg = Release|Any CPU
		{A67C6D4D-D8F0-46E8-8A16-6E5B20867FE4}.Release|iPhone.Build.0 = Release|Any CPU
		{A67C6D4D-D8F0-46E8-8A16-6E5B20867FE4}.Release|iPhone.Deploy.0 = Release|Any CPU
		{A67C6D4D-D8F0-46E8-8A16-6E5B20867FE4}.Release|iPhoneSimulator.ActiveCfg = Release|Any CPU
		{A67C6D4D-D8F0-46E8-8A16-6E5B20867FE4}.Release|iPhoneSimulator.Build.0 = Release|Any CPU
		{A67C6D4D-D8F0-46E8-8A16-6E5B20867FE4}.Release|iPhoneSimulator.Deploy.0 = Release|Any CPU
		{A67C6D4D-D8F0-46E8-8A16-6E5B20867FE4}.Release|x64.ActiveCfg = Release|Any CPU
		{A67C6D4D-D8F0-46E8-8A16-6E5B20867FE4}.Release|x64.Build.0 = Release|Any CPU
		{A67C6D4D-D8F0-46E8-8A16-6E5B20867FE4}.Release|x64.Deploy.0 = Release|Any CPU
		{A67C6D4D-D8F0-46E8-8A16-6E5B20867FE4}.Release|x86.ActiveCfg = Release|Any CPU
		{A67C6D4D-D8F0-46E8-8A16-6E5B20867FE4}.Release|x86.Build.0 = Release|Any CPU
		{A67C6D4D-D8F0-46E8-8A16-6E5B20867FE4}.Release|x86.Deploy.0 = Release|Any CPU
	EndGlobalSection
	GlobalSection(SolutionProperties) = preSolution
		HideSolutionNode = FALSE
	EndGlobalSection
	GlobalSection(ExtensibilityGlobals) = postSolution
		SolutionGuid = {A8A4F6A0-D4CF-4703-8CB6-A248868F6D18}
	EndGlobalSection
EndGlobal
